{
  "name": "verify-release-3.5.2",
  "version": "1.0.0",
  "lockfileVersion": 1,
  "requires": true,
  "dependencies": {
    "axe-core": {
      "version": "3.5.5",
      "resolved": "https://registry.npmjs.org/axe-core/-/axe-core-3.5.5.tgz",
      "integrity": "sha512-5P0QZ6J5xGikH780pghEdbEKijCTrruK9KxtPZCFWUpef0f6GipO+xEZ5GKCb020mmqgbiNO6TcA55CriL784Q=="
    },
    "react-axe": {
      "version": "3.5.2",
      "resolved": "https://registry.npmjs.org/react-axe/-/react-axe-3.5.2.tgz",
      "integrity": "sha512-uEgCO0lg3e2iseKi+pWiyJO6T63b4K7EN7PD2y73Dz++A7o1DKD5Cw1+fRDlcDeqNYUVM8bFF7jFYtEOxJpQkg==",
      "requires": {
        "axe-core": "^3.5.0",
        "requestidlecallback": "^0.3.0"
      }
    },
    "requestidlecallback": {
      "version": "0.3.0",
      "resolved": "https://registry.npmjs.org/requestidlecallback/-/requestidlecallback-0.3.0.tgz",
      "integrity": "sha1-b7dOBzP5DfP6pIOPn2oqX5t0KsU="
    }
  }
}
